{
    "_readme": [
        "This file locks the dependencies of your project to a known state",
        "Read more about it at https://getcomposer.org/doc/01-basic-usage.md#composer-lock-the-lock-file",
        "This file is @generated automatically"
    ],
    "hash": "18b5d07064810fdb78d79bd64b6206f1",
    "content-hash": "f65bb2eb9fdead93644e9e27db52fd93",
    "packages": [
        {
            "name": "ec-europa/ssk",
            "version": "dev-feature/platform",
            "source": {
                "type": "git",
                "url": "https://github.com/ec-europa/ssk.git",
                "reference": "3609a30b5d073b44b3d970ba3bf0c1f6718452c7"
            },
            "dist": {
                "type": "zip",
                "url": "https://api.github.com/repos/ec-europa/ssk/zipball/3609a30b5d073b44b3d970ba3bf0c1f6718452c7",
                "reference": "3609a30b5d073b44b3d970ba3bf0c1f6718452c7",
                "shasum": ""
            },
            "type": "library",
            "notification-url": "https://packagist.org/downloads/",
            "description": "Subsite Starter Kit packaged for composer",
            "time": "2017-08-10 11:11:42"
        }
    ],
    "packages-dev": [],
    "aliases": [
        {
            "alias": "3.0.0",
            "alias_normalized": "3.0.0.0",
            "version": "dev-feature/platform",
            "package": "ec-europa/ssk"
        }
    ],
    "minimum-stability": "stable",
    "stability-flags": {
        "ec-europa/ssk": 20
    },
    "prefer-stable": false,
    "prefer-lowest": false,
    "platform": [],
    "platform-dev": []
}
