{
    "_readme": [
        "This file locks the dependencies of your project to a known state",
        "Read more about it at https://getcomposer.org/doc/01-basic-usage.md#composer-lock-the-lock-file",
        "This file is @generated automatically"
    ],
    "hash": "8a4437dafca3890b633f22a9a05a3b8c",
    "content-hash": "2e70ff369501b14b57d623bdeff5693a",
    "packages": [
        {
            "name": "ec-europa/ssk",
            "version": "dev-master",
            "source": {
                "type": "git",
                "url": "https://github.com/ec-europa/ssk.git",
                "reference": "b617000596df367a514b7fb497adbf649198fd64"
            },
            "dist": {
                "type": "zip",
                "url": "https://api.github.com/repos/ec-europa/ssk/zipball/b617000596df367a514b7fb497adbf649198fd64",
                "reference": "b617000596df367a514b7fb497adbf649198fd64",
                "shasum": ""
            },
            "type": "library",
            "notification-url": "https://packagist.org/downloads/",
            "description": "Subsite Starter Kit packaged for composer",
            "time": "2017-08-16 05:56:55"
        }
    ],
    "packages-dev": [],
    "aliases": [],
    "minimum-stability": "stable",
    "stability-flags": {
        "ec-europa/ssk": 20
    },
    "prefer-stable": false,
    "prefer-lowest": false,
    "platform": [],
    "platform-dev": []
}
